// !$*UTF8*$!
{
	archiveVersion = 1;
	classes = {
	};
	objectVersion = 77;
	objects = {

/* Begin PBXBuildFile section */
		315FFA662DBFF3A50017ED80 /* hello.md in Resources */ = {isa = PBXBuildFile; fileRef = 315FFA652DBFF3960017ED80 /* hello.md */; };
/* End PBXBuildFile section */

/* Begin PBXContainerItemProxy section */
		315FFA492DBFED4B0017ED80 /* PBXContainerItemProxy */ = {
			isa = PBXContainerItemProxy;
			containerPortal = 315FFA2E2DBFED4A0017ED80 /* Project object */;
			proxyType = 1;
			remoteGlobalIDString = 315FFA352DBFED4A0017ED80;
			remoteInfo = TESTE;
		};
		315FFA532DBFED4B0017ED80 /* PBXContainerItemProxy */ = {
			isa = PBXContainerItemProxy;
			containerPortal = 315FFA2E2DBFED4A0017ED80 /* Project object */;
			proxyType = 1;
			remoteGlobalIDString = 315FFA352DBFED4A0017ED80;
			remoteInfo = TESTE;
		};
/* End PBXContainerItemProxy section */

/* Begin PBXFileReference section */
		315FFA362DBFED4A0017ED80 /* TESTE.app */ = {isa = PBXFileReference; explicitFileType = wrapper.application; includeInIndex = 0; path = TESTE.app; sourceTree = BUILT_PRODUCTS_DIR; };
		315FFA482DBFED4B0017ED80 /* TESTETests.xctest */ = {isa = PBXFileReference; explicitFileType = wrapper.cfbundle; includeInIndex = 0; path = TESTETests.xctest; sourceTree = BUILT_PRODUCTS_DIR; };
		315FFA522DBFED4B0017ED80 /* TESTEUITests.xctest */ = {isa = PBXFileReference; explicitFileType = wrapper.cfbundle; includeInIndex = 0; path = TESTEUITests.xctest; sourceTree = BUILT_PRODUCTS_DIR; };
		315FFA652DBFF3960017ED80 /* hello.md */ = {isa = PBXFileReference; lastKnownFileType = net.daringfireball.markdown; path = hello.md; sourceTree = "<group>"; };
/* End PBXFileReference section */

/* Begin PBXFileSystemSynchronizedRootGroup section */
		315FFA382DBFED4A0017ED80 /* TESTE */ = {
			isa = PBXFileSystemSynchronizedRootGroup;
			path = TESTE;
			sourceTree = "<group>";
		};
		315FFA4B2DBFED4B0017ED80 /* TESTETests */ = {
			isa = PBXFileSystemSynchronizedRootGroup;
			path = TESTETests;
			sourceTree = "<group>";
		};
		315FFA552DBFED4B0017ED80 /* TESTEUITests */ = {
			isa = PBXFileSystemSynchronizedRootGroup;
			path = TESTEUITests;
			sourceTree = "<group>";
		};
/* End PBXFileSystemSynchronizedRootGroup section */

/* Begin PBXFrameworksBuildPhase section */
		315FFA332DBFED4A0017ED80 /* Frameworks */ = {
			isa = PBXFrameworksBuildPhase;
			buildActionMask = 2147483647;
			files = (
			);
			runOnlyForDeploymentPostprocessing = 0;
		};
		315FFA452DBFED4B0017ED80 /* Frameworks */ = {
			isa = PBXFrameworksBuildPhase;
			buildActionMask = 2147483647;
			files = (
			);
			runOnlyForDeploymentPostprocessing = 0;
		};
		315FFA4F2DBFED4B0017ED80 /* Frameworks */ = {
			isa = PBXFrameworksBuildPhase;
			buildActionMask = 2147483647;
			files = (
			);
			runOnlyForDeploymentPostprocessing = 0;
		};
/* End PBXFrameworksBuildPhase section */

/* Begin PBXGroup section */
		315FFA2D2DBFED4A0017ED80 = {
			isa = PBXGroup;
			children = (
				315FFA382DBFED4A0017ED80 /* TESTE */,
				315FFA4B2DBFED4B0017ED80 /* TESTETests */,
				315FFA552DBFED4B0017ED80 /* TESTEUITests */,
				315FFA372DBFED4A0017ED80 /* Products */,
				315FFA652DBFF3960017ED80 /* hello.md */,
			);
			sourceTree = "<group>";
		};
		315FFA372DBFED4A0017ED80 /* Products */ = {
			isa = PBXGroup;
			children = (
				315FFA362DBFED4A0017ED80 /* TESTE.app */,
				315FFA482DBFED4B0017ED80 /* TESTETests.xctest */,
				315FFA522DBFED4B0017ED80 /* TESTEUITests.xctest */,
			);
			name = Products;
			sourceTree = "<group>";
		};
/* End PBXGroup section */

/* Begin PBXNativeTarget section */
		315FFA352DBFED4A0017ED80 /* TESTE */ = {
			isa = PBXNativeTarget;
			buildConfigurationList = 315FFA5C2DBFED4B0017ED80 /* Build configuration list for PBXNativeTarget "TESTE" */;
			buildPhases = (
				315FFA322DBFED4A0017ED80 /* Sources */,
				315FFA332DBFED4A0017ED80 /* Frameworks */,
				315FFA342DBFED4A0017ED80 /* Resources */,
			);
			buildRules = (
			);
			dependencies = (
			);
			fileSystemSynchronizedGroups = (
				315FFA382DBFED4A0017ED80 /* TESTE */,
			);
			name = TESTE;
			packageProductDependencies = (
			);
			productName = TESTE;
			productReference = 315FFA362DBFED4A0017ED80 /* TESTE.app */;
			productType = "com.apple.product-type.application";
		};
		315FFA472DBFED4B0017ED80 /* TESTETests */ = {
			isa = PBXNativeTarget;
			buildConfigurationList = 315FFA5F2DBFED4B0017ED80 /* Build configuration list for PBXNativeTarget "TESTETests" */;
			buildPhases = (
				315FFA442DBFED4B0017ED80 /* Sources */,
				315FFA452DBFED4B0017ED80 /* Frameworks */,
				315FFA462DBFED4B0017ED80 /* Resources */,
			);
			buildRules = (
			);
			dependencies = (
				315FFA4A2DBFED4B0017ED80 /* PBXTargetDependency */,
			);
			fileSystemSynchronizedGroups = (
				315FFA4B2DBFED4B0017ED80 /* TESTETests */,
			);
			name = TESTETests;
			packageProductDependencies = (
			);
			productName = TESTETests;
			productReference = 315FFA482DBFED4B0017ED80 /* TESTETests.xctest */;
			productType = "com.apple.product-type.bundle.unit-test";
		};
		315FFA512DBFED4B0017ED80 /* TESTEUITests */ = {
			isa = PBXNativeTarget;
			buildConfigurationList = 315FFA622DBFED4B0017ED80 /* Build configuration list for PBXNativeTarget "TESTEUITests" */;
			buildPhases = (
				315FFA4E2DBFED4B0017ED80 /* Sources */,
				315FFA4F2DBFED4B0017ED80 /* Frameworks */,
				315FFA502DBFED4B0017ED80 /* Resources */,
			);
			buildRules = (
			);
			dependencies = (
				315FFA542DBFED4B0017ED80 /* PBXTargetDependency */,
			);
			fileSystemSynchronizedGroups = (
				315FFA552DBFED4B0017ED80 /* TESTEUITests */,
			);
			name = TESTEUITests;
			packageProductDependencies = (
			);
			productName = TESTEUITests;
			productReference = 315FFA522DBFED4B0017ED80 /* TESTEUITests.xctest */;
			productType = "com.apple.product-type.bundle.ui-testing";
		};
/* End PBXNativeTarget section */

/* Begin PBXProject section */
		315FFA2E2DBFED4A0017ED80 /* Project object */ = {
			isa = PBXProject;
			attributes = {
				BuildIndependentTargetsInParallel = 1;
				LastSwiftUpdateCheck = 1610;
				LastUpgradeCheck = 1610;
				TargetAttributes = {
					315FFA352DBFED4A0017ED80 = {
						CreatedOnToolsVersion = 16.1;
					};
					315FFA472DBFED4B0017ED80 = {
						CreatedOnToolsVersion = 16.1;
						TestTargetID = 315FFA352DBFED4A0017ED80;
					};
					315FFA512DBFED4B0017ED80 = {
						CreatedOnToolsVersion = 16.1;
						TestTargetID = 315FFA352DBFED4A0017ED80;
					};
				};
			};
			buildConfigurationList = 315FFA312DBFED4A0017ED80 /* Build configuration list for PBXProject "TESTE" */;
			developmentRegion = en;
			hasScannedForEncodings = 0;
			knownRegions = (
				en,
				Base,
			);
			mainGroup = 315FFA2D2DBFED4A0017ED80;
			minimizedProjectReferenceProxies = 1;
			preferredProjectObjectVersion = 77;
			productRefGroup = 315FFA372DBFED4A0017ED80 /* Products */;
			projectDirPath = "";
			projectRoot = "";
			targets = (
				315FFA352DBFED4A0017ED80 /* TESTE */,
				315FFA472DBFED4B0017ED80 /* TESTETests */,
				315FFA512DBFED4B0017ED80 /* TESTEUITests */,
			);
		};
/* End PBXProject section */

/* Begin PBXResourcesBuildPhase section */
		315FFA342DBFED4A0017ED80 /* Resources */ = {
			isa = PBXResourcesBuildPhase;
			buildActionMask = 2147483647;
			files = (
				315FFA662DBFF3A50017ED80 /* hello.md in Resources */,
			);
			runOnlyForDeploymentPostprocessing = 0;
		};
		315FFA462DBFED4B0017ED80 /* Resources */ = {
			isa = PBXResourcesBuildPhase;
			buildActionMask = 2147483647;
			files = (
			);
			runOnlyForDeploymentPostprocessing = 0;
		};
		315FFA502DBFED4B0017ED80 /* Resources */ = {
			isa = PBXResourcesBuildPhase;
			buildActionMask = 2147483647;
			files = (
			);
			runOnlyForDeploymentPostprocessing = 0;
		};
/* End PBXResourcesBuildPhase section */

/* Begin PBXSourcesBuildPhase section */
		315FFA322DBFED4A0017ED80 /* Sources */ = {
			isa = PBXSourcesBuildPhase;
			buildActionMask = 2147483647;
			files = (
			);
			runOnlyForDeploymentPostprocessing = 0;
		};
		315FFA442DBFED4B0017ED80 /* Sources */ = {
			isa = PBXSourcesBuildPhase;
			buildActionMask = 2147483647;
			files = (
			);
			runOnlyForDeploymentPostprocessing = 0;
		};
		315FFA4E2DBFED4B0017ED80 /* Sources */ = {
			isa = PBXSourcesBuildPhase;
			buildActionMask = 2147483647;
			files = (
			);
			runOnlyForDeploymentPostprocessing = 0;
		};
/* End PBXSourcesBuildPhase section */

/* Begin PBXTargetDependency section */
		315FFA4A2DBFED4B0017ED80 /* PBXTargetDependency */ = {
			isa = PBXTargetDependency;
			target = 315FFA352DBFED4A0017ED80 /* TESTE */;
			targetProxy = 315FFA492DBFED4B0017ED80 /* PBXContainerItemProxy */;
		};
		315FFA542DBFED4B0017ED80 /* PBXTargetDependency */ = {
			isa = PBXTargetDependency;
			target = 315FFA352DBFED4A0017ED80 /* TESTE */;
			targetProxy = 315FFA532DBFED4B0017ED80 /* PBXContainerItemProxy */;
		};
/* End PBXTargetDependency section */

/* Begin XCBuildConfiguration section */
		315FFA5A2DBFED4B0017ED80 /* Debug */ = {
			isa = XCBuildConfiguration;
			buildSettings = {
				ALWAYS_SEARCH_USER_PATHS = NO;
				ASSETCATALOG_COMPILER_GENERATE_SWIFT_ASSET_SYMBOL_EXTENSIONS = YES;
				CLANG_ANALYZER_NONNULL = YES;
				CLANG_ANALYZER_NUMBER_OBJECT_CONVERSION = YES_AGGRESSIVE;
				CLANG_CXX_LANGUAGE_STANDARD = "gnu++20";
				CLANG_ENABLE_MODULES = YES;
				CLANG_ENABLE_OBJC_ARC = YES;
				CLANG_ENABLE_OBJC_WEAK = YES;
				CLANG_WARN_BLOCK_CAPTURE_AUTORELEASING = YES;
				CLANG_WARN_BOOL_CONVERSION = YES;
				CLANG_WARN_COMMA = YES;
				CLANG_WARN_CONSTANT_CONVERSION = YES;
				CLANG_WARN_DEPRECATED_OBJC_IMPLEMENTATIONS = YES;
				CLANG_WARN_DIRECT_OBJC_ISA_USAGE = YES_ERROR;
				CLANG_WARN_DOCUMENTATION_COMMENTS = YES;
				CLANG_WARN_EMPTY_BODY = YES;
				CLANG_WARN_ENUM_CONVERSION = YES;
				CLANG_WARN_INFINITE_RECURSION = YES;
				CLANG_WARN_INT_CONVERSION = YES;
				CLANG_WARN_NON_LITERAL_NULL_CONVERSION = YES;
				CLANG_WARN_OBJC_IMPLICIT_RETAIN_SELF = YES;
				CLANG_WARN_OBJC_LITERAL_CONVERSION = YES;
				CLANG_WARN_OBJC_ROOT_CLASS = YES_ERROR;
				CLANG_WARN_QUOTED_INCLUDE_IN_FRAMEWORK_HEADER = YES;
				CLANG_WARN_RANGE_LOOP_ANALYSIS = YES;
				CLANG_WARN_STRICT_PROTOTYPES = YES;
				CLANG_WARN_SUSPICIOUS_MOVE = YES;
				CLANG_WARN_UNGUARDED_AVAILABILITY = YES_AGGRESSIVE;
				CLANG_WARN_UNREACHABLE_CODE = YES;
				CLANG_WARN__DUPLICATE_METHOD_MATCH = YES;
				COPY_PHASE_STRIP = NO;
				DEBUG_INFORMATION_FORMAT = dwarf;
				ENABLE_STRICT_OBJC_MSGSEND = YES;
				ENABLE_TESTABILITY = YES;
				ENABLE_USER_SCRIPT_SANDBOXING = YES;
				GCC_C_LANGUAGE_STANDARD = gnu17;
				GCC_DYNAMIC_NO_PIC = NO;
				GCC_NO_COMMON_BLOCKS = YES;
				GCC_OPTIMIZATION_LEVEL = 0;
				GCC_PREPROCESSOR_DEFINITIONS = (
					"DEBUG=1",
					"$(inherited)",
				);
				GCC_WARN_64_TO_32_BIT_CONVERSION = YES;
				GCC_WARN_ABOUT_RETURN_TYPE = YES_ERROR;
				GCC_WARN_UNDECLARED_SELECTOR = YES;
				GCC_WARN_UNINITIALIZED_AUTOS = YES_AGGRESSIVE;
				GCC_WARN_UNUSED_FUNCTION = YES;
				GCC_WARN_UNUSED_VARIABLE = YES;
				IPHONEOS_DEPLOYMENT_TARGET = 18.1;
				LOCALIZATION_PREFERS_STRING_CATALOGS = YES;
				MTL_ENABLE_DEBUG_INFO = INCLUDE_SOURCE;
				MTL_FAST_MATH = YES;
				ONLY_ACTIVE_ARCH = YES;
				SDKROOT = iphoneos;
				SWIFT_ACTIVE_COMPILATION_CONDITIONS = "DEBUG $(inherited)";
				SWIFT_OPTIMIZATION_LEVEL = "-Onone";
			};
			name = Debug;
		};
		315FFA5B2DBFED4B0017ED80 /* Release */ = {
			isa = XCBuildConfiguration;
			buildSettings = {
				ALWAYS_SEARCH_USER_PATHS = NO;
				ASSETCATALOG_COMPILER_GENERATE_SWIFT_ASSET_SYMBOL_EXTENSIONS = YES;
				CLANG_ANALYZER_NONNULL = YES;
				CLANG_ANALYZER_NUMBER_OBJECT_CONVERSION = YES_AGGRESSIVE;
				CLANG_CXX_LANGUAGE_STANDARD = "gnu++20";
				CLANG_ENABLE_MODULES = YES;
				CLANG_ENABLE_OBJC_ARC = YES;
				CLANG_ENABLE_OBJC_WEAK = YES;
				CLANG_WARN_BLOCK_CAPTURE_AUTORELEASING = YES;
				CLANG_WARN_BOOL_CONVERSION = YES;
				CLANG_WARN_COMMA = YES;
				CLANG_WARN_CONSTANT_CONVERSION = YES;
				CLANG_WARN_DEPRECATED_OBJC_IMPLEMENTATIONS = YES;
				CLANG_WARN_DIRECT_OBJC_ISA_USAGE = YES_ERROR;
				CLANG_WARN_DOCUMENTATION_COMMENTS = YES;
				CLANG_WARN_EMPTY_BODY = YES;
				CLANG_WARN_ENUM_CONVERSION = YES;
				CLANG_WARN_INFINITE_RECURSION = YES;
				CLANG_WARN_INT_CONVERSION = YES;
				CLANG_WARN_NON_LITERAL_NULL_CONVERSION = YES;
				CLANG_WARN_OBJC_IMPLICIT_RETAIN_SELF = YES;
				CLANG_WARN_OBJC_LITERAL_CONVERSION = YES;
				CLANG_WARN_OBJC_ROOT_CLASS = YES_ERROR;
				CLANG_WARN_QUOTED_INCLUDE_IN_FRAMEWORK_HEADER = YES;
				CLANG_WARN_RANGE_LOOP_ANALYSIS = YES;
				CLANG_WARN_STRICT_PROTOTYPES = YES;
				CLANG_WARN_SUSPICIOUS_MOVE = YES;
				CLANG_WARN_UNGUARDED_AVAILABILITY = YES_AGGRESSIVE;
				CLANG_WARN_UNREACHABLE_CODE = YES;
				CLANG_WARN__DUPLICATE_METHOD_MATCH = YES;
				COPY_PHASE_STRIP = NO;
				DEBUG_INFORMATION_FORMAT = "dwarf-with-dsym";
				ENABLE_NS_ASSERTIONS = NO;
				ENABLE_STRICT_OBJC_MSGSEND = YES;
				ENABLE_USER_SCRIPT_SANDBOXING = YES;
				GCC_C_LANGUAGE_STANDARD = gnu17;
				GCC_NO_COMMON_BLOCKS = YES;
				GCC_WARN_64_TO_32_BIT_CONVERSION = YES;
				GCC_WARN_ABOUT_RETURN_TYPE = YES_ERROR;
				GCC_WARN_UNDECLARED_SELECTOR = YES;
				GCC_WARN_UNINITIALIZED_AUTOS = YES_AGGRESSIVE;
				GCC_WARN_UNUSED_FUNCTION = YES;
				GCC_WARN_UNUSED_VARIABLE = YES;
				IPHONEOS_DEPLOYMENT_TARGET = 18.1;
				LOCALIZATION_PREFERS_STRING_CATALOGS = YES;
				MTL_ENABLE_DEBUG_INFO = NO;
				MTL_FAST_MATH = YES;
				SDKROOT = iphoneos;
				SWIFT_COMPILATION_MODE = wholemodule;
				VALIDATE_PRODUCT = YES;
			};
			name = Release;
		};
		315FFA5D2DBFED4B0017ED80 /* Debug */ = {
			isa = XCBuildConfiguration;
			buildSettings = {
				ASSETCATALOG_COMPILER_APPICON_NAME = AppIcon;
				ASSETCATALOG_COMPILER_GLOBAL_ACCENT_COLOR_NAME = AccentColor;
				CODE_SIGN_STYLE = Automatic;
				CURRENT_PROJECT_VERSION = 1;
				DEVELOPMENT_ASSET_PATHS = "\"TESTE/Preview Content\"";
				DEVELOPMENT_TEAM = XA783A98YP;
				ENABLE_PREVIEWS = YES;
				GENERATE_INFOPLIST_FILE = YES;
				INFOPLIST_KEY_UIApplicationSceneManifest_Generation = YES;
				INFOPLIST_KEY_UIApplicationSupportsIndirectInputEvents = YES;
				INFOPLIST_KEY_UILaunchScreen_Generation = YES;
				INFOPLIST_KEY_UISupportedInterfaceOrientations_iPad = "UIInterfaceOrientationPortrait UIInterfaceOrientationPortraitUpsideDown UIInterfaceOrientationLandscapeLeft UIInterfaceOrientationLandscapeRight";
				INFOPLIST_KEY_UISupportedInterfaceOrientations_iPhone = "UIInterfaceOrientationPortrait UIInterfaceOrientationLandscapeLeft UIInterfaceOrientationLandscapeRight";
				LD_RUNPATH_SEARCH_PATHS = (
					"$(inherited)",
					"@executable_path/Frameworks",
				);
				MARKETING_VERSION = 1.0;
				PRODUCT_BUNDLE_IDENTIFIER = jao.TESTE;
				PRODUCT_NAME = "$(TARGET_NAME)";
				SWIFT_EMIT_LOC_STRINGS = YES;
				SWIFT_VERSION = 5.0;
				TARGETED_DEVICE_FAMILY = "1,2";
			};
			name = Debug;
		};
		315FFA5E2DBFED4B0017ED80 /* Release */ = {
			isa = XCBuildConfiguration;
			buildSettings = {
				ASSETCATALOG_COMPILER_APPICON_NAME = AppIcon;
				ASSETCATALOG_COMPILER_GLOBAL_ACCENT_COLOR_NAME = AccentColor;
				CODE_SIGN_STYLE = Automatic;
				CURRENT_PROJECT_VERSION = 1;
				DEVELOPMENT_ASSET_PATHS = "\"TESTE/Preview Content\"";
				DEVELOPMENT_TEAM = XA783A98YP;
				ENABLE_PREVIEWS = YES;
				GENERATE_INFOPLIST_FILE = YES;
				INFOPLIST_KEY_UIApplicationSceneManifest_Generation = YES;
				INFOPLIST_KEY_UIApplicationSupportsIndirectInputEvents = YES;
				INFOPLIST_KEY_UILaunchScreen_Generation = YES;
				INFOPLIST_KEY_UISupportedInterfaceOrientations_iPad = "UIInterfaceOrientationPortrait UIInterfaceOrientationPortraitUpsideDown UIInterfaceOrientationLandscapeLeft UIInterfaceOrientationLandscapeRight";
				INFOPLIST_KEY_UISupportedInterfaceOrientations_iPhone = "UIInterfaceOrientationPortrait UIInterfaceOrientationLandscapeLeft UIInterfaceOrientationLandscapeRight";
				LD_RUNPATH_SEARCH_PATHS = (
					"$(inherited)",
					"@executable_path/Frameworks",
				);
				MARKETING_VERSION = 1.0;
				PRODUCT_BUNDLE_IDENTIFIER = jao.TESTE;
				PRODUCT_NAME = "$(TARGET_NAME)";
				SWIFT_EMIT_LOC_STRINGS = YES;
				SWIFT_VERSION = 5.0;
				TARGETED_DEVICE_FAMILY = "1,2";
			};
			name = Release;
		};
		315FFA602DBFED4B0017ED80 /* Debug */ = {
			isa = XCBuildConfiguration;
			buildSettings = {
				BUNDLE_LOADER = "$(TEST_HOST)";
				CODE_SIGN_STYLE = Automatic;
				CURRENT_PROJECT_VERSION = 1;
				DEVELOPMENT_TEAM = XA783A98YP;
				GENERATE_INFOPLIST_FILE = YES;
				IPHONEOS_DEPLOYMENT_TARGET = 18.1;
				MARKETING_VERSION = 1.0;
				PRODUCT_BUNDLE_IDENTIFIER = jao.TESTETests;
				PRODUCT_NAME = "$(TARGET_NAME)";
				SWIFT_EMIT_LOC_STRINGS = NO;
				SWIFT_VERSION = 5.0;
				TARGETED_DEVICE_FAMILY = "1,2";
				TEST_HOST = "$(BUILT_PRODUCTS_DIR)/TESTE.app/$(BUNDLE_EXECUTABLE_FOLDER_PATH)/TESTE";
			};
			name = Debug;
		};
		315FFA612DBFED4B0017ED80 /* Release */ = {
			isa = XCBuildConfiguration;
			buildSettings = {
				BUNDLE_LOADER = "$(TEST_HOST)";
				CODE_SIGN_STYLE = Automatic;
				CURRENT_PROJECT_VERSION = 1;
				DEVELOPMENT_TEAM = XA783A98YP;
				GENERATE_INFOPLIST_FILE = YES;
				IPHONEOS_DEPLOYMENT_TARGET = 18.1;
				MARKETING_VERSION = 1.0;
				PRODUCT_BUNDLE_IDENTIFIER = jao.TESTETests;
				PRODUCT_NAME = "$(TARGET_NAME)";
				SWIFT_EMIT_LOC_STRINGS = NO;
				SWIFT_VERSION = 5.0;
				TARGETED_DEVICE_FAMILY = "1,2";
				TEST_HOST = "$(BUILT_PRODUCTS_DIR)/TESTE.app/$(BUNDLE_EXECUTABLE_FOLDER_PATH)/TESTE";
			};
			name = Release;
		};
		315FFA632DBFED4B0017ED80 /* Debug */ = {
			isa = XCBuildConfiguration;
			buildSettings = {
				CODE_SIGN_STYLE = Automatic;
				CURRENT_PROJECT_VERSION = 1;
				DEVELOPMENT_TEAM = XA783A98YP;
				GENERATE_INFOPLIST_FILE = YES;
				MARKETING_VERSION = 1.0;
				PRODUCT_BUNDLE_IDENTIFIER = jao.TESTEUITests;
				PRODUCT_NAME = "$(TARGET_NAME)";
				SWIFT_EMIT_LOC_STRINGS = NO;
				SWIFT_VERSION = 5.0;
				TARGETED_DEVICE_FAMILY = "1,2";
				TEST_TARGET_NAME = TESTE;
			};
			name = Debug;
		};
		315FFA642DBFED4B0017ED80 /* Release */ = {
			isa = XCBuildConfiguration;
			buildSettings = {
				CODE_SIGN_STYLE = Automatic;
				CURRENT_PROJECT_VERSION = 1;
				DEVELOPMENT_TEAM = XA783A98YP;
				GENERATE_INFOPLIST_FILE = YES;
				MARKETING_VERSION = 1.0;
				PRODUCT_BUNDLE_IDENTIFIER = jao.TESTEUITests;
				PRODUCT_NAME = "$(TARGET_NAME)";
				SWIFT_EMIT_LOC_STRINGS = NO;
				SWIFT_VERSION = 5.0;
				TARGETED_DEVICE_FAMILY = "1,2";
				TEST_TARGET_NAME = TESTE;
			};
			name = Release;
		};
/* End XCBuildConfiguration section */

/* Begin XCConfigurationList section */
		315FFA312DBFED4A0017ED80 /* Build configuration list for PBXProject "TESTE" */ = {
			isa = XCConfigurationList;
			buildConfigurations = (
				315FFA5A2DBFED4B0017ED80 /* Debug */,
				315FFA5B2DBFED4B0017ED80 /* Release */,
			);
			defaultConfigurationIsVisible = 0;
			defaultConfigurationName = Release;
		};
		315FFA5C2DBFED4B0017ED80 /* Build configuration list for PBXNativeTarget "TESTE" */ = {
			isa = XCConfigurationList;
			buildConfigurations = (
				315FFA5D2DBFED4B0017ED80 /* Debug */,
				315FFA5E2DBFED4B0017ED80 /* Release */,
			);
			defaultConfigurationIsVisible = 0;
			defaultConfigurationName = Release;
		};
		315FFA5F2DBFED4B0017ED80 /* Build configuration list for PBXNativeTarget "TESTETests" */ = {
			isa = XCConfigurationList;
			buildConfigurations = (
				315FFA602DBFED4B0017ED80 /* Debug */,
				315FFA612DBFED4B0017ED80 /* Release */,
			);
			defaultConfigurationIsVisible = 0;
			defaultConfigurationName = Release;
		};
		315FFA622DBFED4B0017ED80 /* Build configuration list for PBXNativeTarget "TESTEUITests" */ = {
			isa = XCConfigurationList;
			buildConfigurations = (
				315FFA632DBFED4B0017ED80 /* Debug */,
				315FFA642DBFED4B0017ED80 /* Release */,
			);
			defaultConfigurationIsVisible = 0;
			defaultConfigurationName = Release;
		};
/* End XCConfigurationList section */
	};
	rootObject = 315FFA2E2DBFED4A0017ED80 /* Project object */;
}
